
Microsoft Visual Studio Solution File, Format Version 12.00
# Visual Studio Version 16
VisualStudioVersion = 16.0.30204.135
MinimumVisualStudioVersion = 10.0.40219.1
Project("{FAE04EC0-301F-11D3-BF4B-00C04F79EFBC}") = "Server", "Server.csproj", "{27DF4149-142A-4C52-9361-36A0E86D98EF}"
EndProject
Global
	GlobalSection(SolutionConfigurationPlatforms) = preSolution
		Debug|Any CPU = Debug|Any CPU
		Release|Any CPU = Release|Any CPU
	EndGlobalSection
	GlobalSection(ProjectConfigurationPlatforms) = postSolution
		{27DF4149-142A-4C52-9361-36A0E86D98EF}.Debug|Any CPU.ActiveCfg = Debug|Any CPU
		{27DF4149-142A-4C52-9361-36A0E86D98EF}.Debug|Any CPU.Build.0 = Debug|Any CPU
		{27DF4149-142A-4C52-9361-36A0E86D98EF}.Release|Any CPU.ActiveCfg = Release|Any CPU
		{27DF4149-142A-4C52-9361-36A0E86D98EF}.Release|Any CPU.Build.0 = Release|Any CPU
	EndGlobalSection
	GlobalSection(SolutionProperties) = preSolution
		HideSolutionNode = FALSE
	EndGlobalSection
	GlobalSection(ExtensibilityGlobals) = postSolution
		SolutionGuid = {EF35C976-1C3D-4FFE-91AB-94C5C20EB23A}
	EndGlobalSection
EndGlobal
